
Microsoft Visual Studio Solution File, Format Version 12.00
# Visual Studio Version 17
VisualStudioVersion = 17.6.33712.159
MinimumVisualStudioVersion = 10.0.40219.1
Project("{FAE04EC0-301F-11D3-BF4B-00C04F79EFBC}") = "BusinessObj", "BusinessObj\BusinessObj.csproj", "{0ABD6F48-709D-43D6-94B1-E28B46EF3A6C}"
EndProject
Global
	GlobalSection(SolutionConfigurationPlatforms) = preSolution
		Debug|Any CPU = Debug|Any CPU
		Release|Any CPU = Release|Any CPU
	EndGlobalSection
	GlobalSection(ProjectConfigurationPlatforms) = postSolution
		{0ABD6F48-709D-43D6-94B1-E28B46EF3A6C}.Debug|Any CPU.ActiveCfg = Debug|Any CPU
		{0ABD6F48-709D-43D6-94B1-E28B46EF3A6C}.Debug|Any CPU.Build.0 = Debug|Any CPU
		{0ABD6F48-709D-43D6-94B1-E28B46EF3A6C}.Release|Any CPU.ActiveCfg = Release|Any CPU
		{0ABD6F48-709D-43D6-94B1-E28B46EF3A6C}.Release|Any CPU.Build.0 = Release|Any CPU
	EndGlobalSection
	GlobalSection(SolutionProperties) = preSolution
		HideSolutionNode = FALSE
	EndGlobalSection
	GlobalSection(ExtensibilityGlobals) = postSolution
		SolutionGuid = {E5F063C4-E5FD-4FDB-A52A-DA612C585A92}
	EndGlobalSection
EndGlobal
